
Microsoft Visual Studio Solution File, Format Version 12.00
# Visual Studio Version 16
VisualStudioVersion = 16.0.31025.194
MinimumVisualStudioVersion = 10.0.40219.1
Project("{FAE04EC0-301F-11D3-BF4B-00C04F79EFBC}") = "WindowsFormsApp88", "WindowsFormsApp88\WindowsFormsApp88.csproj", "{27C06737-9516-4F4F-A4EE-5C0BA8038982}"
EndProject
Global
	GlobalSection(SolutionConfigurationPlatforms) = preSolution
		Debug|Any CPU = Debug|Any CPU
		Release|Any CPU = Release|Any CPU
	EndGlobalSection
	GlobalSection(ProjectConfigurationPlatforms) = postSolution
		{27C06737-9516-4F4F-A4EE-5C0BA8038982}.Debug|Any CPU.ActiveCfg = Debug|Any CPU
		{27C06737-9516-4F4F-A4EE-5C0BA8038982}.Debug|Any CPU.Build.0 = Debug|Any CPU
		{27C06737-9516-4F4F-A4EE-5C0BA8038982}.Release|Any CPU.ActiveCfg = Release|Any CPU
		{27C06737-9516-4F4F-A4EE-5C0BA8038982}.Release|Any CPU.Build.0 = Release|Any CPU
	EndGlobalSection
	GlobalSection(SolutionProperties) = preSolution
		HideSolutionNode = FALSE
	EndGlobalSection
	GlobalSection(ExtensibilityGlobals) = postSolution
		SolutionGuid = {89873E07-6A5A-4EB5-9494-C6FA8D28F69B}
	EndGlobalSection
EndGlobal
